
Microsoft Visual Studio Solution File, Format Version 12.00
# Visual Studio Version 16
VisualStudioVersion = 16.0.31515.178
MinimumVisualStudioVersion = 10.0.40219.1
Project("{FAE04EC0-301F-11D3-BF4B-00C04F79EFBC}") = "OrionProject.API", "OrionProject.API\OrionProject.API.csproj", "{C949630E-BD7A-488E-8000-B90025526A34}"
EndProject
Project("{FAE04EC0-301F-11D3-BF4B-00C04F79EFBC}") = "OrionProject.Core", "OrionProject.Core\OrionProject.Core.csproj", "{7B87C69C-C8E9-4B66-895B-BC818EF77518}"
EndProject
Project("{FAE04EC0-301F-11D3-BF4B-00C04F79EFBC}") = "OrionProject.Infrastructure", "OrionProject.Infrastructure\OrionProject.Infrastructure.csproj", "{68A71F8D-5C1D-4192-8A3F-9B1CC46CE3FA}"
EndProject
Global
	GlobalSection(SolutionConfigurationPlatforms) = preSolution
		Debug|Any CPU = Debug|Any CPU
		Release|Any CPU = Release|Any CPU
	EndGlobalSection
	GlobalSection(ProjectConfigurationPlatforms) = postSolution
		{C949630E-BD7A-488E-8000-B90025526A34}.Debug|Any CPU.ActiveCfg = Debug|Any CPU
		{C949630E-BD7A-488E-8000-B90025526A34}.Debug|Any CPU.Build.0 = Debug|Any CPU
		{C949630E-BD7A-488E-8000-B90025526A34}.Release|Any CPU.ActiveCfg = Release|Any CPU
		{C949630E-BD7A-488E-8000-B90025526A34}.Release|Any CPU.Build.0 = Release|Any CPU
		{7B87C69C-C8E9-4B66-895B-BC818EF77518}.Debug|Any CPU.ActiveCfg = Debug|Any CPU
		{7B87C69C-C8E9-4B66-895B-BC818EF77518}.Debug|Any CPU.Build.0 = Debug|Any CPU
		{7B87C69C-C8E9-4B66-895B-BC818EF77518}.Release|Any CPU.ActiveCfg = Release|Any CPU
		{7B87C69C-C8E9-4B66-895B-BC818EF77518}.Release|Any CPU.Build.0 = Release|Any CPU
		{68A71F8D-5C1D-4192-8A3F-9B1CC46CE3FA}.Debug|Any CPU.ActiveCfg = Debug|Any CPU
		{68A71F8D-5C1D-4192-8A3F-9B1CC46CE3FA}.Debug|Any CPU.Build.0 = Debug|Any CPU
		{68A71F8D-5C1D-4192-8A3F-9B1CC46CE3FA}.Release|Any CPU.ActiveCfg = Release|Any CPU
		{68A71F8D-5C1D-4192-8A3F-9B1CC46CE3FA}.Release|Any CPU.Build.0 = Release|Any CPU
	EndGlobalSection
	GlobalSection(SolutionProperties) = preSolution
		HideSolutionNode = FALSE
	EndGlobalSection
	GlobalSection(ExtensibilityGlobals) = postSolution
		SolutionGuid = {C5CCB08F-BD5A-4EE8-A9E9-871FD4F2978C}
	EndGlobalSection
EndGlobal
